// !$*UTF8*$!
{
	archiveVersion = 1;
	classes = {
	};
	objectVersion = 46;
	objects = {

/* Begin PBXBuildFile section */
<<<<<<< HEAD
=======
		2F683B341CEDD51500F4D34B /* HistoryTableViewController.swift in Sources */ = {isa = PBXBuildFile; fileRef = 2F683B331CEDD51500F4D34B /* HistoryTableViewController.swift */; };
		2F683B361CEDDDF800F4D34B /* DataController.swift in Sources */ = {isa = PBXBuildFile; fileRef = 2F683B351CEDDDF800F4D34B /* DataController.swift */; };
		2FA166B01CD20C72001D3A4B /* Person+CoreDataProperties.swift in Sources */ = {isa = PBXBuildFile; fileRef = 2FA166AC1CD20C72001D3A4B /* Person+CoreDataProperties.swift */; };
		2FA166B11CD20C72001D3A4B /* Person.swift in Sources */ = {isa = PBXBuildFile; fileRef = 2FA166AD1CD20C72001D3A4B /* Person.swift */; };
		2FA166B21CD20C72001D3A4B /* BorrowElement+CoreDataProperties.swift in Sources */ = {isa = PBXBuildFile; fileRef = 2FA166AE1CD20C72001D3A4B /* BorrowElement+CoreDataProperties.swift */; };
		2FA166B31CD20C72001D3A4B /* BorrowElement.swift in Sources */ = {isa = PBXBuildFile; fileRef = 2FA166AF1CD20C72001D3A4B /* BorrowElement.swift */; };
		2FA166B71CD24440001D3A4B /* HistoryTableViewCell.swift in Sources */ = {isa = PBXBuildFile; fileRef = 2FA166B61CD24440001D3A4B /* HistoryTableViewCell.swift */; };
		2FC9D7B21CBEDF510060D94A /* Model.xcdatamodeld in Sources */ = {isa = PBXBuildFile; fileRef = 2FC9D7B01CBEDF510060D94A /* Model.xcdatamodeld */; };
		2FC9D7B81CBF799B0060D94A /* Category.swift in Sources */ = {isa = PBXBuildFile; fileRef = 2FC9D7B71CBF799B0060D94A /* Category.swift */; };
>>>>>>> RaphiOriginal/master
		2FD8C8721CABC08D005B7DFF /* AppDelegate.swift in Sources */ = {isa = PBXBuildFile; fileRef = 2FD8C8711CABC08D005B7DFF /* AppDelegate.swift */; };
		2FD8C8741CABC08D005B7DFF /* FirstViewController.swift in Sources */ = {isa = PBXBuildFile; fileRef = 2FD8C8731CABC08D005B7DFF /* FirstViewController.swift */; };
		2FD8C8791CABC08D005B7DFF /* Main.storyboard in Resources */ = {isa = PBXBuildFile; fileRef = 2FD8C8771CABC08D005B7DFF /* Main.storyboard */; };
		2FD8C87B1CABC08D005B7DFF /* Assets.xcassets in Resources */ = {isa = PBXBuildFile; fileRef = 2FD8C87A1CABC08D005B7DFF /* Assets.xcassets */; };
		2FD8C87E1CABC08D005B7DFF /* LaunchScreen.storyboard in Resources */ = {isa = PBXBuildFile; fileRef = 2FD8C87C1CABC08D005B7DFF /* LaunchScreen.storyboard */; };
<<<<<<< HEAD
		F718552B1CC4194C0028E2AE /* CellDescriptor.plist in Resources */ = {isa = PBXBuildFile; fileRef = F718552A1CC4194C0028E2AE /* CellDescriptor.plist */; };
		F718552D1CC42DB10028E2AE /* CustomCell.swift in Sources */ = {isa = PBXBuildFile; fileRef = F718552C1CC42DB10028E2AE /* CustomCell.swift */; };
		F71855301CC42EB60028E2AE /* DatePickerCell.xib in Resources */ = {isa = PBXBuildFile; fileRef = F718552F1CC42EB60028E2AE /* DatePickerCell.xib */; };
		F71855321CC42EC70028E2AE /* NormalCell.xib in Resources */ = {isa = PBXBuildFile; fileRef = F71855311CC42EC70028E2AE /* NormalCell.xib */; };
		F71855341CC42ED20028E2AE /* SliderCell.xib in Resources */ = {isa = PBXBuildFile; fileRef = F71855331CC42ED20028E2AE /* SliderCell.xib */; };
		F71855361CC42F100028E2AE /* TextfieldCell.xib in Resources */ = {isa = PBXBuildFile; fileRef = F71855351CC42F100028E2AE /* TextfieldCell.xib */; };
		F71855381CC42F1D0028E2AE /* ValuePickerCell.xib in Resources */ = {isa = PBXBuildFile; fileRef = F71855371CC42F1D0028E2AE /* ValuePickerCell.xib */; };
		F718553A1CC42F2A0028E2AE /* SwitchCell.xib in Resources */ = {isa = PBXBuildFile; fileRef = F71855391CC42F2A0028E2AE /* SwitchCell.xib */; };
		F74EF8961CABCA8600CBE01C /* NewBorrowElementView.swift in Sources */ = {isa = PBXBuildFile; fileRef = F74EF8951CABCA8600CBE01C /* NewBorrowElementView.swift */; };
/* End PBXBuildFile section */

/* Begin PBXFileReference section */
=======
		F6D36A271D003EA800FCBE39 /* FirstViewTableController.swift in Sources */ = {isa = PBXBuildFile; fileRef = F6D36A261D003EA800FCBE39 /* FirstViewTableController.swift */; };
		F6D36A291D0040ED00FCBE39 /* FirstTableViewCell.swift in Sources */ = {isa = PBXBuildFile; fileRef = F6D36A281D0040ED00FCBE39 /* FirstTableViewCell.swift */; };
		F7242F461CD225FD00A00B7E /* NewBorrowElementView.swift in Sources */ = {isa = PBXBuildFile; fileRef = F7242F451CD225FD00A00B7E /* NewBorrowElementView.swift */; };
		F7242F481CD2270500A00B7E /* CustomCell.swift in Sources */ = {isa = PBXBuildFile; fileRef = F7242F471CD2270500A00B7E /* CustomCell.swift */; };
		F7242F4B1CD22DA900A00B7E /* SwitchCell.xib in Resources */ = {isa = PBXBuildFile; fileRef = F7242F4A1CD22DA900A00B7E /* SwitchCell.xib */; };
		F7242F4D1CD22DB200A00B7E /* ValuePickerCell.xib in Resources */ = {isa = PBXBuildFile; fileRef = F7242F4C1CD22DB200A00B7E /* ValuePickerCell.xib */; };
		F7242F4F1CD22DC000A00B7E /* TextfieldCell.xib in Resources */ = {isa = PBXBuildFile; fileRef = F7242F4E1CD22DC000A00B7E /* TextfieldCell.xib */; };
		F7242F511CD22DC800A00B7E /* SliderCell.xib in Resources */ = {isa = PBXBuildFile; fileRef = F7242F501CD22DC800A00B7E /* SliderCell.xib */; };
		F7242F531CD22DCE00A00B7E /* NormalCell.xib in Resources */ = {isa = PBXBuildFile; fileRef = F7242F521CD22DCE00A00B7E /* NormalCell.xib */; };
		F7242F551CD22DD700A00B7E /* DatePickerCell.xib in Resources */ = {isa = PBXBuildFile; fileRef = F7242F541CD22DD700A00B7E /* DatePickerCell.xib */; };
		F7242F571CD22E2000A00B7E /* CellDescriptor.plist in Resources */ = {isa = PBXBuildFile; fileRef = F7242F561CD22E2000A00B7E /* CellDescriptor.plist */; };
/* End PBXBuildFile section */

/* Begin PBXFileReference section */
		2F683B331CEDD51500F4D34B /* HistoryTableViewController.swift */ = {isa = PBXFileReference; fileEncoding = 4; lastKnownFileType = sourcecode.swift; path = HistoryTableViewController.swift; sourceTree = "<group>"; };
		2F683B351CEDDDF800F4D34B /* DataController.swift */ = {isa = PBXFileReference; fileEncoding = 4; lastKnownFileType = sourcecode.swift; path = DataController.swift; sourceTree = "<group>"; };
		2FA166AC1CD20C72001D3A4B /* Person+CoreDataProperties.swift */ = {isa = PBXFileReference; fileEncoding = 4; lastKnownFileType = sourcecode.swift; name = "Person+CoreDataProperties.swift"; path = "../Person+CoreDataProperties.swift"; sourceTree = "<group>"; };
		2FA166AD1CD20C72001D3A4B /* Person.swift */ = {isa = PBXFileReference; fileEncoding = 4; lastKnownFileType = sourcecode.swift; name = Person.swift; path = ../Person.swift; sourceTree = "<group>"; };
		2FA166AE1CD20C72001D3A4B /* BorrowElement+CoreDataProperties.swift */ = {isa = PBXFileReference; fileEncoding = 4; lastKnownFileType = sourcecode.swift; name = "BorrowElement+CoreDataProperties.swift"; path = "../BorrowElement+CoreDataProperties.swift"; sourceTree = "<group>"; };
		2FA166AF1CD20C72001D3A4B /* BorrowElement.swift */ = {isa = PBXFileReference; fileEncoding = 4; lastKnownFileType = sourcecode.swift; name = BorrowElement.swift; path = ../BorrowElement.swift; sourceTree = "<group>"; };
		2FA166B61CD24440001D3A4B /* HistoryTableViewCell.swift */ = {isa = PBXFileReference; fileEncoding = 4; lastKnownFileType = sourcecode.swift; path = HistoryTableViewCell.swift; sourceTree = "<group>"; };
		2FC9D7B11CBEDF510060D94A /* Model.xcdatamodel */ = {isa = PBXFileReference; lastKnownFileType = wrapper.xcdatamodel; path = Model.xcdatamodel; sourceTree = "<group>"; };
		2FC9D7B71CBF799B0060D94A /* Category.swift */ = {isa = PBXFileReference; fileEncoding = 4; lastKnownFileType = sourcecode.swift; path = Category.swift; sourceTree = "<group>"; };
>>>>>>> RaphiOriginal/master
		2FD8C86E1CABC08D005B7DFF /* borrow.app */ = {isa = PBXFileReference; explicitFileType = wrapper.application; includeInIndex = 0; path = borrow.app; sourceTree = BUILT_PRODUCTS_DIR; };
		2FD8C8711CABC08D005B7DFF /* AppDelegate.swift */ = {isa = PBXFileReference; lastKnownFileType = sourcecode.swift; path = AppDelegate.swift; sourceTree = "<group>"; };
		2FD8C8731CABC08D005B7DFF /* FirstViewController.swift */ = {isa = PBXFileReference; lastKnownFileType = sourcecode.swift; path = FirstViewController.swift; sourceTree = "<group>"; };
		2FD8C8781CABC08D005B7DFF /* Base */ = {isa = PBXFileReference; lastKnownFileType = file.storyboard; name = Base; path = Base.lproj/Main.storyboard; sourceTree = "<group>"; };
		2FD8C87A1CABC08D005B7DFF /* Assets.xcassets */ = {isa = PBXFileReference; lastKnownFileType = folder.assetcatalog; path = Assets.xcassets; sourceTree = "<group>"; };
		2FD8C87D1CABC08D005B7DFF /* Base */ = {isa = PBXFileReference; lastKnownFileType = file.storyboard; name = Base; path = Base.lproj/LaunchScreen.storyboard; sourceTree = "<group>"; };
		2FD8C87F1CABC08D005B7DFF /* Info.plist */ = {isa = PBXFileReference; lastKnownFileType = text.plist.xml; path = Info.plist; sourceTree = "<group>"; };
<<<<<<< HEAD
		F718552A1CC4194C0028E2AE /* CellDescriptor.plist */ = {isa = PBXFileReference; fileEncoding = 4; lastKnownFileType = text.plist.xml; path = CellDescriptor.plist; sourceTree = "<group>"; };
		F718552C1CC42DB10028E2AE /* CustomCell.swift */ = {isa = PBXFileReference; fileEncoding = 4; lastKnownFileType = sourcecode.swift; path = CustomCell.swift; sourceTree = "<group>"; };
		F718552F1CC42EB60028E2AE /* DatePickerCell.xib */ = {isa = PBXFileReference; fileEncoding = 4; lastKnownFileType = file.xib; path = DatePickerCell.xib; sourceTree = "<group>"; };
		F71855311CC42EC70028E2AE /* NormalCell.xib */ = {isa = PBXFileReference; fileEncoding = 4; lastKnownFileType = file.xib; path = NormalCell.xib; sourceTree = "<group>"; };
		F71855331CC42ED20028E2AE /* SliderCell.xib */ = {isa = PBXFileReference; fileEncoding = 4; lastKnownFileType = file.xib; path = SliderCell.xib; sourceTree = "<group>"; };
		F71855351CC42F100028E2AE /* TextfieldCell.xib */ = {isa = PBXFileReference; fileEncoding = 4; lastKnownFileType = file.xib; path = TextfieldCell.xib; sourceTree = "<group>"; };
		F71855371CC42F1D0028E2AE /* ValuePickerCell.xib */ = {isa = PBXFileReference; fileEncoding = 4; lastKnownFileType = file.xib; path = ValuePickerCell.xib; sourceTree = "<group>"; };
		F71855391CC42F2A0028E2AE /* SwitchCell.xib */ = {isa = PBXFileReference; fileEncoding = 4; lastKnownFileType = file.xib; path = SwitchCell.xib; sourceTree = "<group>"; };
		F74EF8951CABCA8600CBE01C /* NewBorrowElementView.swift */ = {isa = PBXFileReference; fileEncoding = 4; lastKnownFileType = sourcecode.swift; path = NewBorrowElementView.swift; sourceTree = "<group>"; };
=======
		F6D36A261D003EA800FCBE39 /* FirstViewTableController.swift */ = {isa = PBXFileReference; fileEncoding = 4; lastKnownFileType = sourcecode.swift; path = FirstViewTableController.swift; sourceTree = "<group>"; };
		F6D36A281D0040ED00FCBE39 /* FirstTableViewCell.swift */ = {isa = PBXFileReference; fileEncoding = 4; lastKnownFileType = sourcecode.swift; path = FirstTableViewCell.swift; sourceTree = "<group>"; };
		F7242F451CD225FD00A00B7E /* NewBorrowElementView.swift */ = {isa = PBXFileReference; fileEncoding = 4; lastKnownFileType = sourcecode.swift; path = NewBorrowElementView.swift; sourceTree = "<group>"; };
		F7242F471CD2270500A00B7E /* CustomCell.swift */ = {isa = PBXFileReference; fileEncoding = 4; lastKnownFileType = sourcecode.swift; path = CustomCell.swift; sourceTree = "<group>"; };
		F7242F4A1CD22DA900A00B7E /* SwitchCell.xib */ = {isa = PBXFileReference; fileEncoding = 4; lastKnownFileType = file.xib; path = SwitchCell.xib; sourceTree = "<group>"; };
		F7242F4C1CD22DB200A00B7E /* ValuePickerCell.xib */ = {isa = PBXFileReference; fileEncoding = 4; lastKnownFileType = file.xib; path = ValuePickerCell.xib; sourceTree = "<group>"; };
		F7242F4E1CD22DC000A00B7E /* TextfieldCell.xib */ = {isa = PBXFileReference; fileEncoding = 4; lastKnownFileType = file.xib; path = TextfieldCell.xib; sourceTree = "<group>"; };
		F7242F501CD22DC800A00B7E /* SliderCell.xib */ = {isa = PBXFileReference; fileEncoding = 4; lastKnownFileType = file.xib; path = SliderCell.xib; sourceTree = "<group>"; };
		F7242F521CD22DCE00A00B7E /* NormalCell.xib */ = {isa = PBXFileReference; fileEncoding = 4; lastKnownFileType = file.xib; path = NormalCell.xib; sourceTree = "<group>"; };
		F7242F541CD22DD700A00B7E /* DatePickerCell.xib */ = {isa = PBXFileReference; fileEncoding = 4; lastKnownFileType = file.xib; path = DatePickerCell.xib; sourceTree = "<group>"; };
		F7242F561CD22E2000A00B7E /* CellDescriptor.plist */ = {isa = PBXFileReference; fileEncoding = 4; lastKnownFileType = text.plist.xml; path = CellDescriptor.plist; sourceTree = "<group>"; };
>>>>>>> RaphiOriginal/master
/* End PBXFileReference section */

/* Begin PBXFrameworksBuildPhase section */
		2FD8C86B1CABC08D005B7DFF /* Frameworks */ = {
			isa = PBXFrameworksBuildPhase;
			buildActionMask = 2147483647;
			files = (
			);
			runOnlyForDeploymentPostprocessing = 0;
		};
/* End PBXFrameworksBuildPhase section */

/* Begin PBXGroup section */
		2FD8C8651CABC08D005B7DFF = {
			isa = PBXGroup;
			children = (
				2FD8C8701CABC08D005B7DFF /* borrow */,
				2FD8C86F1CABC08D005B7DFF /* Products */,
			);
			sourceTree = "<group>";
		};
		2FD8C86F1CABC08D005B7DFF /* Products */ = {
			isa = PBXGroup;
			children = (
				2FD8C86E1CABC08D005B7DFF /* borrow.app */,
			);
			name = Products;
			sourceTree = "<group>";
		};
		2FD8C8701CABC08D005B7DFF /* borrow */ = {
			isa = PBXGroup;
			children = (
<<<<<<< HEAD
				F718552E1CC42E7E0028E2AE /* Custom Cells */,
				2FD8C8711CABC08D005B7DFF /* AppDelegate.swift */,
=======
				F6D36A261D003EA800FCBE39 /* FirstViewTableController.swift */,
				F7242F561CD22E2000A00B7E /* CellDescriptor.plist */,
				F7242F491CD22D8E00A00B7E /* Custom Cells */,
				2FD8C8711CABC08D005B7DFF /* AppDelegate.swift */,
				2FC9D7B01CBEDF510060D94A /* Model.xcdatamodeld */,
				2F683B351CEDDDF800F4D34B /* DataController.swift */,
>>>>>>> RaphiOriginal/master
				2FD8C8731CABC08D005B7DFF /* FirstViewController.swift */,
				2F683B331CEDD51500F4D34B /* HistoryTableViewController.swift */,
				2FD8C8771CABC08D005B7DFF /* Main.storyboard */,
<<<<<<< HEAD
				F74EF8951CABCA8600CBE01C /* NewBorrowElementView.swift */,
				F718552C1CC42DB10028E2AE /* CustomCell.swift */,
				2FD8C87A1CABC08D005B7DFF /* Assets.xcassets */,
				2FD8C87C1CABC08D005B7DFF /* LaunchScreen.storyboard */,
				2FD8C87F1CABC08D005B7DFF /* Info.plist */,
				F718552A1CC4194C0028E2AE /* CellDescriptor.plist */,
=======
				2FA166B61CD24440001D3A4B /* HistoryTableViewCell.swift */,
				2FD8C87A1CABC08D005B7DFF /* Assets.xcassets */,
				2FD8C87C1CABC08D005B7DFF /* LaunchScreen.storyboard */,
				2FD8C87F1CABC08D005B7DFF /* Info.plist */,
				2FA166AC1CD20C72001D3A4B /* Person+CoreDataProperties.swift */,
				2FA166AD1CD20C72001D3A4B /* Person.swift */,
				2FA166AE1CD20C72001D3A4B /* BorrowElement+CoreDataProperties.swift */,
				2FA166AF1CD20C72001D3A4B /* BorrowElement.swift */,
				2FC9D7B71CBF799B0060D94A /* Category.swift */,
				F7242F451CD225FD00A00B7E /* NewBorrowElementView.swift */,
				F7242F471CD2270500A00B7E /* CustomCell.swift */,
				F6D36A281D0040ED00FCBE39 /* FirstTableViewCell.swift */,
>>>>>>> RaphiOriginal/master
			);
			path = borrow;
			sourceTree = "<group>";
		};
<<<<<<< HEAD
		F718552E1CC42E7E0028E2AE /* Custom Cells */ = {
			isa = PBXGroup;
			children = (
				F71855391CC42F2A0028E2AE /* SwitchCell.xib */,
				F71855371CC42F1D0028E2AE /* ValuePickerCell.xib */,
				F71855351CC42F100028E2AE /* TextfieldCell.xib */,
				F71855331CC42ED20028E2AE /* SliderCell.xib */,
				F71855311CC42EC70028E2AE /* NormalCell.xib */,
				F718552F1CC42EB60028E2AE /* DatePickerCell.xib */,
=======
		F7242F491CD22D8E00A00B7E /* Custom Cells */ = {
			isa = PBXGroup;
			children = (
				F7242F541CD22DD700A00B7E /* DatePickerCell.xib */,
				F7242F521CD22DCE00A00B7E /* NormalCell.xib */,
				F7242F501CD22DC800A00B7E /* SliderCell.xib */,
				F7242F4E1CD22DC000A00B7E /* TextfieldCell.xib */,
				F7242F4C1CD22DB200A00B7E /* ValuePickerCell.xib */,
				F7242F4A1CD22DA900A00B7E /* SwitchCell.xib */,
>>>>>>> RaphiOriginal/master
			);
			name = "Custom Cells";
			sourceTree = "<group>";
		};
/* End PBXGroup section */

/* Begin PBXNativeTarget section */
		2FD8C86D1CABC08D005B7DFF /* borrow */ = {
			isa = PBXNativeTarget;
			buildConfigurationList = 2FD8C8821CABC08D005B7DFF /* Build configuration list for PBXNativeTarget "borrow" */;
			buildPhases = (
				2FD8C86A1CABC08D005B7DFF /* Sources */,
				2FD8C86B1CABC08D005B7DFF /* Frameworks */,
				2FD8C86C1CABC08D005B7DFF /* Resources */,
			);
			buildRules = (
			);
			dependencies = (
			);
			name = borrow;
			productName = borrow;
			productReference = 2FD8C86E1CABC08D005B7DFF /* borrow.app */;
			productType = "com.apple.product-type.application";
		};
/* End PBXNativeTarget section */

/* Begin PBXProject section */
		2FD8C8661CABC08D005B7DFF /* Project object */ = {
			isa = PBXProject;
			attributes = {
				LastSwiftUpdateCheck = 0730;
				LastUpgradeCheck = 0730;
				ORGANIZATIONNAME = "Raphael Brunner";
				TargetAttributes = {
					2FD8C86D1CABC08D005B7DFF = {
						CreatedOnToolsVersion = 7.3;
						DevelopmentTeam = 25RFCRHT86;
					};
				};
			};
			buildConfigurationList = 2FD8C8691CABC08D005B7DFF /* Build configuration list for PBXProject "borrow" */;
			compatibilityVersion = "Xcode 3.2";
			developmentRegion = English;
			hasScannedForEncodings = 0;
			knownRegions = (
				en,
				Base,
			);
			mainGroup = 2FD8C8651CABC08D005B7DFF;
			productRefGroup = 2FD8C86F1CABC08D005B7DFF /* Products */;
			projectDirPath = "";
			projectRoot = "";
			targets = (
				2FD8C86D1CABC08D005B7DFF /* borrow */,
			);
		};
/* End PBXProject section */

/* Begin PBXResourcesBuildPhase section */
		2FD8C86C1CABC08D005B7DFF /* Resources */ = {
			isa = PBXResourcesBuildPhase;
			buildActionMask = 2147483647;
			files = (
				F7242F551CD22DD700A00B7E /* DatePickerCell.xib in Resources */,
				F7242F571CD22E2000A00B7E /* CellDescriptor.plist in Resources */,
				F7242F531CD22DCE00A00B7E /* NormalCell.xib in Resources */,
				2FD8C87E1CABC08D005B7DFF /* LaunchScreen.storyboard in Resources */,
<<<<<<< HEAD
				F718552B1CC4194C0028E2AE /* CellDescriptor.plist in Resources */,
				F71855301CC42EB60028E2AE /* DatePickerCell.xib in Resources */,
				F71855361CC42F100028E2AE /* TextfieldCell.xib in Resources */,
				F71855341CC42ED20028E2AE /* SliderCell.xib in Resources */,
=======
				F7242F4F1CD22DC000A00B7E /* TextfieldCell.xib in Resources */,
				F7242F4B1CD22DA900A00B7E /* SwitchCell.xib in Resources */,
				F7242F511CD22DC800A00B7E /* SliderCell.xib in Resources */,
				F7242F4D1CD22DB200A00B7E /* ValuePickerCell.xib in Resources */,
>>>>>>> RaphiOriginal/master
				2FD8C87B1CABC08D005B7DFF /* Assets.xcassets in Resources */,
				F71855381CC42F1D0028E2AE /* ValuePickerCell.xib in Resources */,
				F71855321CC42EC70028E2AE /* NormalCell.xib in Resources */,
				2FD8C8791CABC08D005B7DFF /* Main.storyboard in Resources */,
				F718553A1CC42F2A0028E2AE /* SwitchCell.xib in Resources */,
			);
			runOnlyForDeploymentPostprocessing = 0;
		};
/* End PBXResourcesBuildPhase section */

/* Begin PBXSourcesBuildPhase section */
		2FD8C86A1CABC08D005B7DFF /* Sources */ = {
			isa = PBXSourcesBuildPhase;
			buildActionMask = 2147483647;
			files = (
<<<<<<< HEAD
				2FD8C8761CABC08D005B7DFF /* SecondViewController.swift in Sources */,
				2FD8C8721CABC08D005B7DFF /* AppDelegate.swift in Sources */,
				2FD8C8741CABC08D005B7DFF /* FirstViewController.swift in Sources */,
				F718552D1CC42DB10028E2AE /* CustomCell.swift in Sources */,
				F74EF8961CABCA8600CBE01C /* NewBorrowElementView.swift in Sources */,
=======
				2FD8C8721CABC08D005B7DFF /* AppDelegate.swift in Sources */,
				F6D36A271D003EA800FCBE39 /* FirstViewTableController.swift in Sources */,
				F7242F481CD2270500A00B7E /* CustomCell.swift in Sources */,
				2FA166B01CD20C72001D3A4B /* Person+CoreDataProperties.swift in Sources */,
				2FA166B31CD20C72001D3A4B /* BorrowElement.swift in Sources */,
				2FD8C8741CABC08D005B7DFF /* FirstViewController.swift in Sources */,
				2FA166B71CD24440001D3A4B /* HistoryTableViewCell.swift in Sources */,
				F6D36A291D0040ED00FCBE39 /* FirstTableViewCell.swift in Sources */,
				2FA166B11CD20C72001D3A4B /* Person.swift in Sources */,
				2FC9D7B21CBEDF510060D94A /* Model.xcdatamodeld in Sources */,
				F7242F461CD225FD00A00B7E /* NewBorrowElementView.swift in Sources */,
				2FC9D7B81CBF799B0060D94A /* Category.swift in Sources */,
				2FA166B21CD20C72001D3A4B /* BorrowElement+CoreDataProperties.swift in Sources */,
				2F683B361CEDDDF800F4D34B /* DataController.swift in Sources */,
				2F683B341CEDD51500F4D34B /* HistoryTableViewController.swift in Sources */,
>>>>>>> RaphiOriginal/master
			);
			runOnlyForDeploymentPostprocessing = 0;
		};
/* End PBXSourcesBuildPhase section */

/* Begin PBXVariantGroup section */
		2FD8C8771CABC08D005B7DFF /* Main.storyboard */ = {
			isa = PBXVariantGroup;
			children = (
				2FD8C8781CABC08D005B7DFF /* Base */,
			);
			name = Main.storyboard;
			sourceTree = "<group>";
		};
		2FD8C87C1CABC08D005B7DFF /* LaunchScreen.storyboard */ = {
			isa = PBXVariantGroup;
			children = (
				2FD8C87D1CABC08D005B7DFF /* Base */,
			);
			name = LaunchScreen.storyboard;
			sourceTree = "<group>";
		};
/* End PBXVariantGroup section */

/* Begin XCBuildConfiguration section */
		2FD8C8801CABC08D005B7DFF /* Debug */ = {
			isa = XCBuildConfiguration;
			buildSettings = {
				ALWAYS_SEARCH_USER_PATHS = NO;
				CLANG_ANALYZER_NONNULL = YES;
				CLANG_CXX_LANGUAGE_STANDARD = "gnu++0x";
				CLANG_CXX_LIBRARY = "libc++";
				CLANG_ENABLE_MODULES = YES;
				CLANG_ENABLE_OBJC_ARC = YES;
				CLANG_WARN_BOOL_CONVERSION = YES;
				CLANG_WARN_CONSTANT_CONVERSION = YES;
				CLANG_WARN_DIRECT_OBJC_ISA_USAGE = YES_ERROR;
				CLANG_WARN_EMPTY_BODY = YES;
				CLANG_WARN_ENUM_CONVERSION = YES;
				CLANG_WARN_INT_CONVERSION = YES;
				CLANG_WARN_OBJC_ROOT_CLASS = YES_ERROR;
				CLANG_WARN_UNREACHABLE_CODE = YES;
				CLANG_WARN__DUPLICATE_METHOD_MATCH = YES;
				"CODE_SIGN_IDENTITY[sdk=iphoneos*]" = "iPhone Developer";
				COPY_PHASE_STRIP = NO;
				DEBUG_INFORMATION_FORMAT = dwarf;
				ENABLE_STRICT_OBJC_MSGSEND = YES;
				ENABLE_TESTABILITY = YES;
				GCC_C_LANGUAGE_STANDARD = gnu99;
				GCC_DYNAMIC_NO_PIC = NO;
				GCC_NO_COMMON_BLOCKS = YES;
				GCC_OPTIMIZATION_LEVEL = 0;
				GCC_PREPROCESSOR_DEFINITIONS = (
					"DEBUG=1",
					"$(inherited)",
				);
				GCC_WARN_64_TO_32_BIT_CONVERSION = YES;
				GCC_WARN_ABOUT_RETURN_TYPE = YES_ERROR;
				GCC_WARN_UNDECLARED_SELECTOR = YES;
				GCC_WARN_UNINITIALIZED_AUTOS = YES_AGGRESSIVE;
				GCC_WARN_UNUSED_FUNCTION = YES;
				GCC_WARN_UNUSED_VARIABLE = YES;
				IPHONEOS_DEPLOYMENT_TARGET = 9.3;
				MTL_ENABLE_DEBUG_INFO = YES;
				ONLY_ACTIVE_ARCH = YES;
				SDKROOT = iphoneos;
				SWIFT_OPTIMIZATION_LEVEL = "-Onone";
			};
			name = Debug;
		};
		2FD8C8811CABC08D005B7DFF /* Release */ = {
			isa = XCBuildConfiguration;
			buildSettings = {
				ALWAYS_SEARCH_USER_PATHS = NO;
				CLANG_ANALYZER_NONNULL = YES;
				CLANG_CXX_LANGUAGE_STANDARD = "gnu++0x";
				CLANG_CXX_LIBRARY = "libc++";
				CLANG_ENABLE_MODULES = YES;
				CLANG_ENABLE_OBJC_ARC = YES;
				CLANG_WARN_BOOL_CONVERSION = YES;
				CLANG_WARN_CONSTANT_CONVERSION = YES;
				CLANG_WARN_DIRECT_OBJC_ISA_USAGE = YES_ERROR;
				CLANG_WARN_EMPTY_BODY = YES;
				CLANG_WARN_ENUM_CONVERSION = YES;
				CLANG_WARN_INT_CONVERSION = YES;
				CLANG_WARN_OBJC_ROOT_CLASS = YES_ERROR;
				CLANG_WARN_UNREACHABLE_CODE = YES;
				CLANG_WARN__DUPLICATE_METHOD_MATCH = YES;
				"CODE_SIGN_IDENTITY[sdk=iphoneos*]" = "iPhone Developer";
				COPY_PHASE_STRIP = NO;
				DEBUG_INFORMATION_FORMAT = "dwarf-with-dsym";
				ENABLE_NS_ASSERTIONS = NO;
				ENABLE_STRICT_OBJC_MSGSEND = YES;
				GCC_C_LANGUAGE_STANDARD = gnu99;
				GCC_NO_COMMON_BLOCKS = YES;
				GCC_WARN_64_TO_32_BIT_CONVERSION = YES;
				GCC_WARN_ABOUT_RETURN_TYPE = YES_ERROR;
				GCC_WARN_UNDECLARED_SELECTOR = YES;
				GCC_WARN_UNINITIALIZED_AUTOS = YES_AGGRESSIVE;
				GCC_WARN_UNUSED_FUNCTION = YES;
				GCC_WARN_UNUSED_VARIABLE = YES;
				IPHONEOS_DEPLOYMENT_TARGET = 9.3;
				MTL_ENABLE_DEBUG_INFO = NO;
				SDKROOT = iphoneos;
				VALIDATE_PRODUCT = YES;
			};
			name = Release;
		};
		2FD8C8831CABC08D005B7DFF /* Debug */ = {
			isa = XCBuildConfiguration;
			buildSettings = {
				ASSETCATALOG_COMPILER_APPICON_NAME = AppIcon;
				CODE_SIGN_IDENTITY = "iPhone Developer";
				INFOPLIST_FILE = borrow/Info.plist;
				LD_RUNPATH_SEARCH_PATHS = "$(inherited) @executable_path/Frameworks";
				PRODUCT_BUNDLE_IDENTIFIER = ch.fhnw.borrow;
				PRODUCT_NAME = "$(TARGET_NAME)";
			};
			name = Debug;
		};
		2FD8C8841CABC08D005B7DFF /* Release */ = {
			isa = XCBuildConfiguration;
			buildSettings = {
				ASSETCATALOG_COMPILER_APPICON_NAME = AppIcon;
				CODE_SIGN_IDENTITY = "iPhone Developer";
				INFOPLIST_FILE = borrow/Info.plist;
				LD_RUNPATH_SEARCH_PATHS = "$(inherited) @executable_path/Frameworks";
				PRODUCT_BUNDLE_IDENTIFIER = ch.fhnw.borrow;
				PRODUCT_NAME = "$(TARGET_NAME)";
			};
			name = Release;
		};
/* End XCBuildConfiguration section */

/* Begin XCConfigurationList section */
		2FD8C8691CABC08D005B7DFF /* Build configuration list for PBXProject "borrow" */ = {
			isa = XCConfigurationList;
			buildConfigurations = (
				2FD8C8801CABC08D005B7DFF /* Debug */,
				2FD8C8811CABC08D005B7DFF /* Release */,
			);
			defaultConfigurationIsVisible = 0;
			defaultConfigurationName = Release;
		};
		2FD8C8821CABC08D005B7DFF /* Build configuration list for PBXNativeTarget "borrow" */ = {
			isa = XCConfigurationList;
			buildConfigurations = (
				2FD8C8831CABC08D005B7DFF /* Debug */,
				2FD8C8841CABC08D005B7DFF /* Release */,
			);
			defaultConfigurationIsVisible = 0;
			defaultConfigurationName = Release;
		};
/* End XCConfigurationList section */
	};
	rootObject = 2FD8C8661CABC08D005B7DFF /* Project object */;
}
